// !$*UTF8*$!
{
	archiveVersion = 1;
	classes = {
	};
	objectVersion = 46;
	objects = {

/* Begin PBXBuildFile section */
		55579A631E9EB8E100B66B06 /* TagView.swift in Sources */ = {isa = PBXBuildFile; fileRef = 55579A621E9EB8E100B66B06 /* TagView.swift */; };
		558EC9F51E71BB540023F3E4 /* HeaderView.swift in Sources */ = {isa = PBXBuildFile; fileRef = 558EC9F41E71BB540023F3E4 /* HeaderView.swift */; };
		8809509A1E70AC0F00F85592 /* AppDelegate.swift in Sources */ = {isa = PBXBuildFile; fileRef = 880950991E70AC0F00F85592 /* AppDelegate.swift */; };
		8809509C1E70AC0F00F85592 /* TopographyViewController.swift in Sources */ = {isa = PBXBuildFile; fileRef = 8809509B1E70AC0F00F85592 /* TopographyViewController.swift */; };
		8809509F1E70AC0F00F85592 /* Main.storyboard in Resources */ = {isa = PBXBuildFile; fileRef = 8809509D1E70AC0F00F85592 /* Main.storyboard */; };
		880950A11E70AC0F00F85592 /* Assets.xcassets in Resources */ = {isa = PBXBuildFile; fileRef = 880950A01E70AC0F00F85592 /* Assets.xcassets */; };
		880950A41E70AC0F00F85592 /* LaunchScreen.storyboard in Resources */ = {isa = PBXBuildFile; fileRef = 880950A21E70AC0F00F85592 /* LaunchScreen.storyboard */; };
		880950AF1E70AC0F00F85592 /* ExpressLogicTests.swift in Sources */ = {isa = PBXBuildFile; fileRef = 880950AE1E70AC0F00F85592 /* ExpressLogicTests.swift */; };
		880950BA1E70AC1000F85592 /* ExpressLogicUITests.swift in Sources */ = {isa = PBXBuildFile; fileRef = 880950B91E70AC1000F85592 /* ExpressLogicUITests.swift */; };
		880950D11E70AD3100F85592 /* GCDAsyncUdpSocket.m in Sources */ = {isa = PBXBuildFile; fileRef = 880950CD1E70AD3100F85592 /* GCDAsyncUdpSocket.m */; };
		880950D21E70AD3100F85592 /* SCClient.swift in Sources */ = {isa = PBXBuildFile; fileRef = 880950CE1E70AD3100F85592 /* SCClient.swift */; };
		880950D31E70AD3100F85592 /* SCMessage.swift in Sources */ = {isa = PBXBuildFile; fileRef = 880950CF1E70AD3100F85592 /* SCMessage.swift */; };
		880950D41E70AD3100F85592 /* SCServer.swift in Sources */ = {isa = PBXBuildFile; fileRef = 880950D01E70AD3100F85592 /* SCServer.swift */; };
		880950D61E70AF1A00F85592 /* RTTree.swift in Sources */ = {isa = PBXBuildFile; fileRef = 880950D51E70AF1A00F85592 /* RTTree.swift */; };
		880950D81E70BE5B00F85592 /* NodeView.swift in Sources */ = {isa = PBXBuildFile; fileRef = 880950D71E70BE5B00F85592 /* NodeView.swift */; };
		880950DA1E71194600F85592 /* CoApService.swift in Sources */ = {isa = PBXBuildFile; fileRef = 880950D91E71194600F85592 /* CoApService.swift */; };
		880950DC1E711B2D00F85592 /* RTNode.swift in Sources */ = {isa = PBXBuildFile; fileRef = 880950DB1E711B2D00F85592 /* RTNode.swift */; };
		880950DE1E720B8B00F85592 /* TopographyViewControllerEx.swift in Sources */ = {isa = PBXBuildFile; fileRef = 880950DD1E720B8B00F85592 /* TopographyViewControllerEx.swift */; };
		8881D1F31E8C4B49007C37B1 /* Payload.swift in Sources */ = {isa = PBXBuildFile; fileRef = 8881D1F21E8C4B49007C37B1 /* Payload.swift */; };
		88D65D311E9EBAFE00E80595 /* Popover.swift in Sources */ = {isa = PBXBuildFile; fileRef = 88D65D301E9EBAFE00E80595 /* Popover.swift */; };
		88D65D331E9EBFF100E80595 /* NodePopoverView.xib in Resources */ = {isa = PBXBuildFile; fileRef = 88D65D321E9EBFF100E80595 /* NodePopoverView.xib */; };
		88D65D351E9EC21600E80595 /* NodePopoverView.swift in Sources */ = {isa = PBXBuildFile; fileRef = 88D65D341E9EC21600E80595 /* NodePopoverView.swift */; };
		88D65D371E9EC26700E80595 /* UIViewExtension.swift in Sources */ = {isa = PBXBuildFile; fileRef = 88D65D361E9EC26700E80595 /* UIViewExtension.swift */; };
		88D65D411EABED9D00E80595 /* LFTPulseAnimation.swift in Sources */ = {isa = PBXBuildFile; fileRef = 88D65D401EABED9D00E80595 /* LFTPulseAnimation.swift */; };
		88D65D431EABFC2300E80595 /* GlowCircle.swift in Sources */ = {isa = PBXBuildFile; fileRef = 88D65D421EABFC2300E80595 /* GlowCircle.swift */; };
		88D65D451EABFC8900E80595 /* CGMath.swift in Sources */ = {isa = PBXBuildFile; fileRef = 88D65D441EABFC8900E80595 /* CGMath.swift */; };
		88D65D471EABFD9100E80595 /* UIView+Grow.swift in Sources */ = {isa = PBXBuildFile; fileRef = 88D65D461EABFD9100E80595 /* UIView+Grow.swift */; };
		88D65D491EABFDB700E80595 /* CircularGradientLayer.swift in Sources */ = {isa = PBXBuildFile; fileRef = 88D65D481EABFDB700E80595 /* CircularGradientLayer.swift */; };
		88D65D4B1EABFDC300E80595 /* CGPointEx.swift in Sources */ = {isa = PBXBuildFile; fileRef = 88D65D4A1EABFDC300E80595 /* CGPointEx.swift */; };
		88D65D4D1EABFDD300E80595 /* CGRectEx.swift in Sources */ = {isa = PBXBuildFile; fileRef = 88D65D4C1EABFDD300E80595 /* CGRectEx.swift */; };
		88D65D4F1EAC05ED00E80595 /* Delay.swift in Sources */ = {isa = PBXBuildFile; fileRef = 88D65D4E1EAC05ED00E80595 /* Delay.swift */; };
		BAC54B251E70C3E20056CD5E /* Line.swift in Sources */ = {isa = PBXBuildFile; fileRef = BAC54B241E70C3E20056CD5E /* Line.swift */; };
/* End PBXBuildFile section */

/* Begin PBXContainerItemProxy section */
		880950AB1E70AC0F00F85592 /* PBXContainerItemProxy */ = {
			isa = PBXContainerItemProxy;
			containerPortal = 8809508E1E70AC0F00F85592 /* Project object */;
			proxyType = 1;
			remoteGlobalIDString = 880950951E70AC0F00F85592;
			remoteInfo = ExpressLogic;
		};
		880950B61E70AC1000F85592 /* PBXContainerItemProxy */ = {
			isa = PBXContainerItemProxy;
			containerPortal = 8809508E1E70AC0F00F85592 /* Project object */;
			proxyType = 1;
			remoteGlobalIDString = 880950951E70AC0F00F85592;
			remoteInfo = ExpressLogic;
		};
/* End PBXContainerItemProxy section */

/* Begin PBXFileReference section */
		55579A621E9EB8E100B66B06 /* TagView.swift */ = {isa = PBXFileReference; fileEncoding = 4; lastKnownFileType = sourcecode.swift; path = TagView.swift; sourceTree = "<group>"; };
		558EC9F41E71BB540023F3E4 /* HeaderView.swift */ = {isa = PBXFileReference; fileEncoding = 4; lastKnownFileType = sourcecode.swift; path = HeaderView.swift; sourceTree = "<group>"; };
		880950961E70AC0F00F85592 /* ExpressLogic.app */ = {isa = PBXFileReference; explicitFileType = wrapper.application; includeInIndex = 0; path = ExpressLogic.app; sourceTree = BUILT_PRODUCTS_DIR; };
		880950991E70AC0F00F85592 /* AppDelegate.swift */ = {isa = PBXFileReference; lastKnownFileType = sourcecode.swift; path = AppDelegate.swift; sourceTree = "<group>"; };
		8809509B1E70AC0F00F85592 /* TopographyViewController.swift */ = {isa = PBXFileReference; lastKnownFileType = sourcecode.swift; path = TopographyViewController.swift; sourceTree = "<group>"; };
		8809509E1E70AC0F00F85592 /* Base */ = {isa = PBXFileReference; lastKnownFileType = file.storyboard; name = Base; path = Base.lproj/Main.storyboard; sourceTree = "<group>"; };
		880950A01E70AC0F00F85592 /* Assets.xcassets */ = {isa = PBXFileReference; lastKnownFileType = folder.assetcatalog; path = Assets.xcassets; sourceTree = "<group>"; };
		880950A31E70AC0F00F85592 /* Base */ = {isa = PBXFileReference; lastKnownFileType = file.storyboard; name = Base; path = Base.lproj/LaunchScreen.storyboard; sourceTree = "<group>"; };
		880950A51E70AC0F00F85592 /* Info.plist */ = {isa = PBXFileReference; lastKnownFileType = text.plist.xml; path = Info.plist; sourceTree = "<group>"; };
		880950AA1E70AC0F00F85592 /* ExpressLogicTests.xctest */ = {isa = PBXFileReference; explicitFileType = wrapper.cfbundle; includeInIndex = 0; path = ExpressLogicTests.xctest; sourceTree = BUILT_PRODUCTS_DIR; };
		880950AE1E70AC0F00F85592 /* ExpressLogicTests.swift */ = {isa = PBXFileReference; lastKnownFileType = sourcecode.swift; path = ExpressLogicTests.swift; sourceTree = "<group>"; };
		880950B01E70AC0F00F85592 /* Info.plist */ = {isa = PBXFileReference; lastKnownFileType = text.plist.xml; path = Info.plist; sourceTree = "<group>"; };
		880950B51E70AC1000F85592 /* ExpressLogicUITests.xctest */ = {isa = PBXFileReference; explicitFileType = wrapper.cfbundle; includeInIndex = 0; path = ExpressLogicUITests.xctest; sourceTree = BUILT_PRODUCTS_DIR; };
		880950B91E70AC1000F85592 /* ExpressLogicUITests.swift */ = {isa = PBXFileReference; lastKnownFileType = sourcecode.swift; path = ExpressLogicUITests.swift; sourceTree = "<group>"; };
		880950BB1E70AC1000F85592 /* Info.plist */ = {isa = PBXFileReference; lastKnownFileType = text.plist.xml; path = Info.plist; sourceTree = "<group>"; };
		880950C71E70AD0900F85592 /* ExpressLogic-Bridging-Header.h */ = {isa = PBXFileReference; lastKnownFileType = sourcecode.c.h; path = "ExpressLogic-Bridging-Header.h"; sourceTree = "<group>"; };
		880950CC1E70AD3100F85592 /* GCDAsyncUdpSocket.h */ = {isa = PBXFileReference; fileEncoding = 4; lastKnownFileType = sourcecode.c.h; path = GCDAsyncUdpSocket.h; sourceTree = "<group>"; };
		880950CD1E70AD3100F85592 /* GCDAsyncUdpSocket.m */ = {isa = PBXFileReference; fileEncoding = 4; lastKnownFileType = sourcecode.c.objc; path = GCDAsyncUdpSocket.m; sourceTree = "<group>"; };
		880950CE1E70AD3100F85592 /* SCClient.swift */ = {isa = PBXFileReference; fileEncoding = 4; lastKnownFileType = sourcecode.swift; path = SCClient.swift; sourceTree = "<group>"; };
		880950CF1E70AD3100F85592 /* SCMessage.swift */ = {isa = PBXFileReference; fileEncoding = 4; lastKnownFileType = sourcecode.swift; path = SCMessage.swift; sourceTree = "<group>"; };
		880950D01E70AD3100F85592 /* SCServer.swift */ = {isa = PBXFileReference; fileEncoding = 4; lastKnownFileType = sourcecode.swift; path = SCServer.swift; sourceTree = "<group>"; };
		880950D51E70AF1A00F85592 /* RTTree.swift */ = {isa = PBXFileReference; fileEncoding = 4; lastKnownFileType = sourcecode.swift; path = RTTree.swift; sourceTree = "<group>"; };
		880950D71E70BE5B00F85592 /* NodeView.swift */ = {isa = PBXFileReference; fileEncoding = 4; lastKnownFileType = sourcecode.swift; path = NodeView.swift; sourceTree = "<group>"; };
		880950D91E71194600F85592 /* CoApService.swift */ = {isa = PBXFileReference; fileEncoding = 4; lastKnownFileType = sourcecode.swift; path = CoApService.swift; sourceTree = "<group>"; };
		880950DB1E711B2D00F85592 /* RTNode.swift */ = {isa = PBXFileReference; fileEncoding = 4; lastKnownFileType = sourcecode.swift; path = RTNode.swift; sourceTree = "<group>"; };
		880950DD1E720B8B00F85592 /* TopographyViewControllerEx.swift */ = {isa = PBXFileReference; fileEncoding = 4; lastKnownFileType = sourcecode.swift; path = TopographyViewControllerEx.swift; sourceTree = "<group>"; };
		8881D1F21E8C4B49007C37B1 /* Payload.swift */ = {isa = PBXFileReference; fileEncoding = 4; lastKnownFileType = sourcecode.swift; path = Payload.swift; sourceTree = "<group>"; };
		88D65D301E9EBAFE00E80595 /* Popover.swift */ = {isa = PBXFileReference; fileEncoding = 4; lastKnownFileType = sourcecode.swift; path = Popover.swift; sourceTree = "<group>"; };
		88D65D321E9EBFF100E80595 /* NodePopoverView.xib */ = {isa = PBXFileReference; fileEncoding = 4; lastKnownFileType = file.xib; path = NodePopoverView.xib; sourceTree = "<group>"; };
		88D65D341E9EC21600E80595 /* NodePopoverView.swift */ = {isa = PBXFileReference; fileEncoding = 4; lastKnownFileType = sourcecode.swift; path = NodePopoverView.swift; sourceTree = "<group>"; };
		88D65D361E9EC26700E80595 /* UIViewExtension.swift */ = {isa = PBXFileReference; fileEncoding = 4; lastKnownFileType = sourcecode.swift; path = UIViewExtension.swift; sourceTree = "<group>"; };
		88D65D401EABED9D00E80595 /* LFTPulseAnimation.swift */ = {isa = PBXFileReference; fileEncoding = 4; lastKnownFileType = sourcecode.swift; path = LFTPulseAnimation.swift; sourceTree = "<group>"; };
		88D65D421EABFC2300E80595 /* GlowCircle.swift */ = {isa = PBXFileReference; fileEncoding = 4; lastKnownFileType = sourcecode.swift; path = GlowCircle.swift; sourceTree = "<group>"; };
		88D65D441EABFC8900E80595 /* CGMath.swift */ = {isa = PBXFileReference; fileEncoding = 4; lastKnownFileType = sourcecode.swift; path = CGMath.swift; sourceTree = "<group>"; };
		88D65D461EABFD9100E80595 /* UIView+Grow.swift */ = {isa = PBXFileReference; fileEncoding = 4; lastKnownFileType = sourcecode.swift; path = "UIView+Grow.swift"; sourceTree = "<group>"; };
		88D65D481EABFDB700E80595 /* CircularGradientLayer.swift */ = {isa = PBXFileReference; fileEncoding = 4; lastKnownFileType = sourcecode.swift; path = CircularGradientLayer.swift; sourceTree = "<group>"; };
		88D65D4A1EABFDC300E80595 /* CGPointEx.swift */ = {isa = PBXFileReference; fileEncoding = 4; lastKnownFileType = sourcecode.swift; path = CGPointEx.swift; sourceTree = "<group>"; };
		88D65D4C1EABFDD300E80595 /* CGRectEx.swift */ = {isa = PBXFileReference; fileEncoding = 4; lastKnownFileType = sourcecode.swift; path = CGRectEx.swift; sourceTree = "<group>"; };
		88D65D4E1EAC05ED00E80595 /* Delay.swift */ = {isa = PBXFileReference; fileEncoding = 4; lastKnownFileType = sourcecode.swift; path = Delay.swift; sourceTree = "<group>"; };
		BAC54B241E70C3E20056CD5E /* Line.swift */ = {isa = PBXFileReference; fileEncoding = 4; lastKnownFileType = sourcecode.swift; path = Line.swift; sourceTree = "<group>"; };
/* End PBXFileReference section */

/* Begin PBXFrameworksBuildPhase section */
		880950931E70AC0F00F85592 /* Frameworks */ = {
			isa = PBXFrameworksBuildPhase;
			buildActionMask = 2147483647;
			files = (
			);
			runOnlyForDeploymentPostprocessing = 0;
		};
		880950A71E70AC0F00F85592 /* Frameworks */ = {
			isa = PBXFrameworksBuildPhase;
			buildActionMask = 2147483647;
			files = (
			);
			runOnlyForDeploymentPostprocessing = 0;
		};
		880950B21E70AC1000F85592 /* Frameworks */ = {
			isa = PBXFrameworksBuildPhase;
			buildActionMask = 2147483647;
			files = (
			);
			runOnlyForDeploymentPostprocessing = 0;
		};
/* End PBXFrameworksBuildPhase section */

/* Begin PBXGroup section */
		8809508D1E70AC0F00F85592 = {
			isa = PBXGroup;
			children = (
				880950981E70AC0F00F85592 /* ExpressLogic */,
				880950AD1E70AC0F00F85592 /* ExpressLogicTests */,
				880950B81E70AC1000F85592 /* ExpressLogicUITests */,
				880950971E70AC0F00F85592 /* Products */,
			);
			sourceTree = "<group>";
		};
		880950971E70AC0F00F85592 /* Products */ = {
			isa = PBXGroup;
			children = (
				880950961E70AC0F00F85592 /* ExpressLogic.app */,
				880950AA1E70AC0F00F85592 /* ExpressLogicTests.xctest */,
				880950B51E70AC1000F85592 /* ExpressLogicUITests.xctest */,
			);
			name = Products;
			sourceTree = "<group>";
		};
		880950981E70AC0F00F85592 /* ExpressLogic */ = {
			isa = PBXGroup;
			children = (
				880950991E70AC0F00F85592 /* AppDelegate.swift */,
				8809509B1E70AC0F00F85592 /* TopographyViewController.swift */,
				880950DD1E720B8B00F85592 /* TopographyViewControllerEx.swift */,
				880950D91E71194600F85592 /* CoApService.swift */,
				8881D1F21E8C4B49007C37B1 /* Payload.swift */,
				BAC54B241E70C3E20056CD5E /* Line.swift */,
				880950D71E70BE5B00F85592 /* NodeView.swift */,
				55579A621E9EB8E100B66B06 /* TagView.swift */,
				558EC9F41E71BB540023F3E4 /* HeaderView.swift */,
				880950DB1E711B2D00F85592 /* RTNode.swift */,
				880950D51E70AF1A00F85592 /* RTTree.swift */,
				88D65D421EABFC2300E80595 /* GlowCircle.swift */,
				88D65D441EABFC8900E80595 /* CGMath.swift */,
				88D65D461EABFD9100E80595 /* UIView+Grow.swift */,
				88D65D4A1EABFDC300E80595 /* CGPointEx.swift */,
				88D65D4C1EABFDD300E80595 /* CGRectEx.swift */,
				88D65D481EABFDB700E80595 /* CircularGradientLayer.swift */,
				88D65D301E9EBAFE00E80595 /* Popover.swift */,
				88D65D341E9EC21600E80595 /* NodePopoverView.swift */,
				88D65D401EABED9D00E80595 /* LFTPulseAnimation.swift */,
				88D65D4E1EAC05ED00E80595 /* Delay.swift */,
				88D65D321E9EBFF100E80595 /* NodePopoverView.xib */,
				8809509D1E70AC0F00F85592 /* Main.storyboard */,
				88D65D361E9EC26700E80595 /* UIViewExtension.swift */,
				880950A01E70AC0F00F85592 /* Assets.xcassets */,
				880950A21E70AC0F00F85592 /* LaunchScreen.storyboard */,
				880950A51E70AC0F00F85592 /* Info.plist */,
				880950C71E70AD0900F85592 /* ExpressLogic-Bridging-Header.h */,
				880950CA1E70AD3100F85592 /* Venders */,
			);
			path = ExpressLogic;
			sourceTree = "<group>";
		};
		880950AD1E70AC0F00F85592 /* ExpressLogicTests */ = {
			isa = PBXGroup;
			children = (
				880950AE1E70AC0F00F85592 /* ExpressLogicTests.swift */,
				880950B01E70AC0F00F85592 /* Info.plist */,
			);
			path = ExpressLogicTests;
			sourceTree = "<group>";
		};
		880950B81E70AC1000F85592 /* ExpressLogicUITests */ = {
			isa = PBXGroup;
			children = (
				880950B91E70AC1000F85592 /* ExpressLogicUITests.swift */,
				880950BB1E70AC1000F85592 /* Info.plist */,
			);
			path = ExpressLogicUITests;
			sourceTree = "<group>";
		};
		880950CA1E70AD3100F85592 /* Venders */ = {
			isa = PBXGroup;
			children = (
				880950CB1E70AD3100F85592 /* SwiftCoAP_Library */,
			);
			path = Venders;
			sourceTree = "<group>";
		};
		880950CB1E70AD3100F85592 /* SwiftCoAP_Library */ = {
			isa = PBXGroup;
			children = (
				880950CC1E70AD3100F85592 /* GCDAsyncUdpSocket.h */,
				880950CD1E70AD3100F85592 /* GCDAsyncUdpSocket.m */,
				880950CE1E70AD3100F85592 /* SCClient.swift */,
				880950CF1E70AD3100F85592 /* SCMessage.swift */,
				880950D01E70AD3100F85592 /* SCServer.swift */,
			);
			path = SwiftCoAP_Library;
			sourceTree = "<group>";
		};
/* End PBXGroup section */

/* Begin PBXNativeTarget section */
		880950951E70AC0F00F85592 /* ExpressLogic */ = {
			isa = PBXNativeTarget;
			buildConfigurationList = 880950BE1E70AC1000F85592 /* Build configuration list for PBXNativeTarget "ExpressLogic" */;
			buildPhases = (
				880950921E70AC0F00F85592 /* Sources */,
				880950931E70AC0F00F85592 /* Frameworks */,
				880950941E70AC0F00F85592 /* Resources */,
			);
			buildRules = (
			);
			dependencies = (
			);
			name = ExpressLogic;
			productName = ExpressLogic;
			productReference = 880950961E70AC0F00F85592 /* ExpressLogic.app */;
			productType = "com.apple.product-type.application";
		};
		880950A91E70AC0F00F85592 /* ExpressLogicTests */ = {
			isa = PBXNativeTarget;
			buildConfigurationList = 880950C11E70AC1000F85592 /* Build configuration list for PBXNativeTarget "ExpressLogicTests" */;
			buildPhases = (
				880950A61E70AC0F00F85592 /* Sources */,
				880950A71E70AC0F00F85592 /* Frameworks */,
				880950A81E70AC0F00F85592 /* Resources */,
			);
			buildRules = (
			);
			dependencies = (
				880950AC1E70AC0F00F85592 /* PBXTargetDependency */,
			);
			name = ExpressLogicTests;
			productName = ExpressLogicTests;
			productReference = 880950AA1E70AC0F00F85592 /* ExpressLogicTests.xctest */;
			productType = "com.apple.product-type.bundle.unit-test";
		};
		880950B41E70AC1000F85592 /* ExpressLogicUITests */ = {
			isa = PBXNativeTarget;
			buildConfigurationList = 880950C41E70AC1000F85592 /* Build configuration list for PBXNativeTarget "ExpressLogicUITests" */;
			buildPhases = (
				880950B11E70AC1000F85592 /* Sources */,
				880950B21E70AC1000F85592 /* Frameworks */,
				880950B31E70AC1000F85592 /* Resources */,
			);
			buildRules = (
			);
			dependencies = (
				880950B71E70AC1000F85592 /* PBXTargetDependency */,
			);
			name = ExpressLogicUITests;
			productName = ExpressLogicUITests;
			productReference = 880950B51E70AC1000F85592 /* ExpressLogicUITests.xctest */;
			productType = "com.apple.product-type.bundle.ui-testing";
		};
/* End PBXNativeTarget section */

/* Begin PBXProject section */
		8809508E1E70AC0F00F85592 /* Project object */ = {
			isa = PBXProject;
			attributes = {
				LastSwiftUpdateCheck = 0820;
				LastUpgradeCheck = 0820;
				ORGANIZATIONNAME = "Express Logic";
				TargetAttributes = {
					880950951E70AC0F00F85592 = {
						CreatedOnToolsVersion = 8.2.1;
						DevelopmentTeam = BLNBM6S947;
						LastSwiftMigration = 0820;
						ProvisioningStyle = Automatic;
					};
					880950A91E70AC0F00F85592 = {
						CreatedOnToolsVersion = 8.2.1;
						DevelopmentTeam = BLNBM6S947;
						ProvisioningStyle = Automatic;
						TestTargetID = 880950951E70AC0F00F85592;
					};
					880950B41E70AC1000F85592 = {
						CreatedOnToolsVersion = 8.2.1;
						DevelopmentTeam = BLNBM6S947;
						ProvisioningStyle = Automatic;
						TestTargetID = 880950951E70AC0F00F85592;
					};
				};
			};
			buildConfigurationList = 880950911E70AC0F00F85592 /* Build configuration list for PBXProject "ExpressLogic" */;
			compatibilityVersion = "Xcode 3.2";
			developmentRegion = English;
			hasScannedForEncodings = 0;
			knownRegions = (
				en,
				Base,
			);
			mainGroup = 8809508D1E70AC0F00F85592;
			productRefGroup = 880950971E70AC0F00F85592 /* Products */;
			projectDirPath = "";
			projectRoot = "";
			targets = (
				880950951E70AC0F00F85592 /* ExpressLogic */,
				880950A91E70AC0F00F85592 /* ExpressLogicTests */,
				880950B41E70AC1000F85592 /* ExpressLogicUITests */,
			);
		};
/* End PBXProject section */

/* Begin PBXResourcesBuildPhase section */
		880950941E70AC0F00F85592 /* Resources */ = {
			isa = PBXResourcesBuildPhase;
			buildActionMask = 2147483647;
			files = (
				88D65D331E9EBFF100E80595 /* NodePopoverView.xib in Resources */,
				880950A41E70AC0F00F85592 /* LaunchScreen.storyboard in Resources */,
				880950A11E70AC0F00F85592 /* Assets.xcassets in Resources */,
				8809509F1E70AC0F00F85592 /* Main.storyboard in Resources */,
			);
			runOnlyForDeploymentPostprocessing = 0;
		};
		880950A81E70AC0F00F85592 /* Resources */ = {
			isa = PBXResourcesBuildPhase;
			buildActionMask = 2147483647;
			files = (
			);
			runOnlyForDeploymentPostprocessing = 0;
		};
		880950B31E70AC1000F85592 /* Resources */ = {
			isa = PBXResourcesBuildPhase;
			buildActionMask = 2147483647;
			files = (
			);
			runOnlyForDeploymentPostprocessing = 0;
		};
/* End PBXResourcesBuildPhase section */

/* Begin PBXSourcesBuildPhase section */
		880950921E70AC0F00F85592 /* Sources */ = {
			isa = PBXSourcesBuildPhase;
			buildActionMask = 2147483647;
			files = (
				8809509C1E70AC0F00F85592 /* TopographyViewController.swift in Sources */,
				880950D11E70AD3100F85592 /* GCDAsyncUdpSocket.m in Sources */,
				88D65D451EABFC8900E80595 /* CGMath.swift in Sources */,
				88D65D4B1EABFDC300E80595 /* CGPointEx.swift in Sources */,
				88D65D431EABFC2300E80595 /* GlowCircle.swift in Sources */,
				88D65D411EABED9D00E80595 /* LFTPulseAnimation.swift in Sources */,
				880950D81E70BE5B00F85592 /* NodeView.swift in Sources */,
				880950D31E70AD3100F85592 /* SCMessage.swift in Sources */,
				88D65D471EABFD9100E80595 /* UIView+Grow.swift in Sources */,
				880950DA1E71194600F85592 /* CoApService.swift in Sources */,
				880950D21E70AD3100F85592 /* SCClient.swift in Sources */,
				88D65D491EABFDB700E80595 /* CircularGradientLayer.swift in Sources */,
				880950D61E70AF1A00F85592 /* RTTree.swift in Sources */,
				88D65D311E9EBAFE00E80595 /* Popover.swift in Sources */,
				88D65D371E9EC26700E80595 /* UIViewExtension.swift in Sources */,
				558EC9F51E71BB540023F3E4 /* HeaderView.swift in Sources */,
				8881D1F31E8C4B49007C37B1 /* Payload.swift in Sources */,
				BAC54B251E70C3E20056CD5E /* Line.swift in Sources */,
				880950DE1E720B8B00F85592 /* TopographyViewControllerEx.swift in Sources */,
				55579A631E9EB8E100B66B06 /* TagView.swift in Sources */,
				88D65D351E9EC21600E80595 /* NodePopoverView.swift in Sources */,
				88D65D4D1EABFDD300E80595 /* CGRectEx.swift in Sources */,
				880950D41E70AD3100F85592 /* SCServer.swift in Sources */,
				8809509A1E70AC0F00F85592 /* AppDelegate.swift in Sources */,
				880950DC1E711B2D00F85592 /* RTNode.swift in Sources */,
				88D65D4F1EAC05ED00E80595 /* Delay.swift in Sources */,
			);
			runOnlyForDeploymentPostprocessing = 0;
		};
		880950A61E70AC0F00F85592 /* Sources */ = {
			isa = PBXSourcesBuildPhase;
			buildActionMask = 2147483647;
			files = (
				880950AF1E70AC0F00F85592 /* ExpressLogicTests.swift in Sources */,
			);
			runOnlyForDeploymentPostprocessing = 0;
		};
		880950B11E70AC1000F85592 /* Sources */ = {
			isa = PBXSourcesBuildPhase;
			buildActionMask = 2147483647;
			files = (
				880950BA1E70AC1000F85592 /* ExpressLogicUITests.swift in Sources */,
			);
			runOnlyForDeploymentPostprocessing = 0;
		};
/* End PBXSourcesBuildPhase section */

/* Begin PBXTargetDependency section */
		880950AC1E70AC0F00F85592 /* PBXTargetDependency */ = {
			isa = PBXTargetDependency;
			target = 880950951E70AC0F00F85592 /* ExpressLogic */;
			targetProxy = 880950AB1E70AC0F00F85592 /* PBXContainerItemProxy */;
		};
		880950B71E70AC1000F85592 /* PBXTargetDependency */ = {
			isa = PBXTargetDependency;
			target = 880950951E70AC0F00F85592 /* ExpressLogic */;
			targetProxy = 880950B61E70AC1000F85592 /* PBXContainerItemProxy */;
		};
/* End PBXTargetDependency section */

/* Begin PBXVariantGroup section */
		8809509D1E70AC0F00F85592 /* Main.storyboard */ = {
			isa = PBXVariantGroup;
			children = (
				8809509E1E70AC0F00F85592 /* Base */,
			);
			name = Main.storyboard;
			sourceTree = "<group>";
		};
		880950A21E70AC0F00F85592 /* LaunchScreen.storyboard */ = {
			isa = PBXVariantGroup;
			children = (
				880950A31E70AC0F00F85592 /* Base */,
			);
			name = LaunchScreen.storyboard;
			sourceTree = "<group>";
		};
/* End PBXVariantGroup section */

/* Begin XCBuildConfiguration section */
		880950BC1E70AC1000F85592 /* Debug */ = {
			isa = XCBuildConfiguration;
			buildSettings = {
				ALWAYS_SEARCH_USER_PATHS = NO;
				CLANG_ANALYZER_NONNULL = YES;
				CLANG_CXX_LANGUAGE_STANDARD = "gnu++0x";
				CLANG_CXX_LIBRARY = "libc++";
				CLANG_ENABLE_MODULES = YES;
				CLANG_ENABLE_OBJC_ARC = YES;
				CLANG_WARN_BOOL_CONVERSION = YES;
				CLANG_WARN_CONSTANT_CONVERSION = YES;
				CLANG_WARN_DIRECT_OBJC_ISA_USAGE = YES_ERROR;
				CLANG_WARN_DOCUMENTATION_COMMENTS = YES;
				CLANG_WARN_EMPTY_BODY = YES;
				CLANG_WARN_ENUM_CONVERSION = YES;
				CLANG_WARN_INFINITE_RECURSION = YES;
				CLANG_WARN_INT_CONVERSION = YES;
				CLANG_WARN_OBJC_ROOT_CLASS = YES_ERROR;
				CLANG_WARN_SUSPICIOUS_MOVE = YES;
				CLANG_WARN_UNREACHABLE_CODE = YES;
				CLANG_WARN__DUPLICATE_METHOD_MATCH = YES;
				"CODE_SIGN_IDENTITY[sdk=iphoneos*]" = "iPhone Developer";
				COPY_PHASE_STRIP = NO;
				DEBUG_INFORMATION_FORMAT = dwarf;
				ENABLE_STRICT_OBJC_MSGSEND = YES;
				ENABLE_TESTABILITY = YES;
				GCC_C_LANGUAGE_STANDARD = gnu99;
				GCC_DYNAMIC_NO_PIC = NO;
				GCC_NO_COMMON_BLOCKS = YES;
				GCC_OPTIMIZATION_LEVEL = 0;
				GCC_PREPROCESSOR_DEFINITIONS = (
					"DEBUG=1",
					"$(inherited)",
				);
				GCC_WARN_64_TO_32_BIT_CONVERSION = YES;
				GCC_WARN_ABOUT_RETURN_TYPE = YES_ERROR;
				GCC_WARN_UNDECLARED_SELECTOR = YES;
				GCC_WARN_UNINITIALIZED_AUTOS = YES_AGGRESSIVE;
				GCC_WARN_UNUSED_FUNCTION = YES;
				GCC_WARN_UNUSED_VARIABLE = YES;
				IPHONEOS_DEPLOYMENT_TARGET = 10.2;
				MTL_ENABLE_DEBUG_INFO = YES;
				ONLY_ACTIVE_ARCH = YES;
				SDKROOT = iphoneos;
				SWIFT_ACTIVE_COMPILATION_CONDITIONS = DEBUG;
				SWIFT_OPTIMIZATION_LEVEL = "-Onone";
				TARGETED_DEVICE_FAMILY = "1,2";
			};
			name = Debug;
		};
		880950BD1E70AC1000F85592 /* Release */ = {
			isa = XCBuildConfiguration;
			buildSettings = {
				ALWAYS_SEARCH_USER_PATHS = NO;
				CLANG_ANALYZER_NONNULL = YES;
				CLANG_CXX_LANGUAGE_STANDARD = "gnu++0x";
				CLANG_CXX_LIBRARY = "libc++";
				CLANG_ENABLE_MODULES = YES;
				CLANG_ENABLE_OBJC_ARC = YES;
				CLANG_WARN_BOOL_CONVERSION = YES;
				CLANG_WARN_CONSTANT_CONVERSION = YES;
				CLANG_WARN_DIRECT_OBJC_ISA_USAGE = YES_ERROR;
				CLANG_WARN_DOCUMENTATION_COMMENTS = YES;
				CLANG_WARN_EMPTY_BODY = YES;
				CLANG_WARN_ENUM_CONVERSION = YES;
				CLANG_WARN_INFINITE_RECURSION = YES;
				CLANG_WARN_INT_CONVERSION = YES;
				CLANG_WARN_OBJC_ROOT_CLASS = YES_ERROR;
				CLANG_WARN_SUSPICIOUS_MOVE = YES;
				CLANG_WARN_UNREACHABLE_CODE = YES;
				CLANG_WARN__DUPLICATE_METHOD_MATCH = YES;
				"CODE_SIGN_IDENTITY[sdk=iphoneos*]" = "iPhone Developer";
				COPY_PHASE_STRIP = NO;
				DEBUG_INFORMATION_FORMAT = "dwarf-with-dsym";
				ENABLE_NS_ASSERTIONS = NO;
				ENABLE_STRICT_OBJC_MSGSEND = YES;
				GCC_C_LANGUAGE_STANDARD = gnu99;
				GCC_NO_COMMON_BLOCKS = YES;
				GCC_WARN_64_TO_32_BIT_CONVERSION = YES;
				GCC_WARN_ABOUT_RETURN_TYPE = YES_ERROR;
				GCC_WARN_UNDECLARED_SELECTOR = YES;
				GCC_WARN_UNINITIALIZED_AUTOS = YES_AGGRESSIVE;
				GCC_WARN_UNUSED_FUNCTION = YES;
				GCC_WARN_UNUSED_VARIABLE = YES;
				IPHONEOS_DEPLOYMENT_TARGET = 10.2;
				MTL_ENABLE_DEBUG_INFO = NO;
				SDKROOT = iphoneos;
				SWIFT_OPTIMIZATION_LEVEL = "-Owholemodule";
				TARGETED_DEVICE_FAMILY = "1,2";
				VALIDATE_PRODUCT = YES;
			};
			name = Release;
		};
		880950BF1E70AC1000F85592 /* Debug */ = {
			isa = XCBuildConfiguration;
			buildSettings = {
				ASSETCATALOG_COMPILER_APPICON_NAME = AppIcon;
				CLANG_ENABLE_MODULES = YES;
				DEVELOPMENT_TEAM = BLNBM6S947;
				INFOPLIST_FILE = ExpressLogic/Info.plist;
				LD_RUNPATH_SEARCH_PATHS = "$(inherited) @executable_path/Frameworks";
				PRODUCT_BUNDLE_IDENTIFIER = expresslogic.ExpressLogic;
				PRODUCT_NAME = "$(TARGET_NAME)";
				SWIFT_OBJC_BRIDGING_HEADER = "ExpressLogic/ExpressLogic-Bridging-Header.h";
				SWIFT_OPTIMIZATION_LEVEL = "-Onone";
				SWIFT_VERSION = 3.0;
				TARGETED_DEVICE_FAMILY = 2;
			};
			name = Debug;
		};
		880950C01E70AC1000F85592 /* Release */ = {
			isa = XCBuildConfiguration;
			buildSettings = {
				ASSETCATALOG_COMPILER_APPICON_NAME = AppIcon;
				CLANG_ENABLE_MODULES = YES;
				DEVELOPMENT_TEAM = BLNBM6S947;
				INFOPLIST_FILE = ExpressLogic/Info.plist;
				LD_RUNPATH_SEARCH_PATHS = "$(inherited) @executable_path/Frameworks";
				PRODUCT_BUNDLE_IDENTIFIER = expresslogic.ExpressLogic;
				PRODUCT_NAME = "$(TARGET_NAME)";
				SWIFT_OBJC_BRIDGING_HEADER = "ExpressLogic/ExpressLogic-Bridging-Header.h";
				SWIFT_VERSION = 3.0;
				TARGETED_DEVICE_FAMILY = 2;
			};
			name = Release;
		};
		880950C21E70AC1000F85592 /* Debug */ = {
			isa = XCBuildConfiguration;
			buildSettings = {
				ALWAYS_EMBED_SWIFT_STANDARD_LIBRARIES = YES;
				BUNDLE_LOADER = "$(TEST_HOST)";
				DEVELOPMENT_TEAM = BLNBM6S947;
				INFOPLIST_FILE = ExpressLogicTests/Info.plist;
				LD_RUNPATH_SEARCH_PATHS = "$(inherited) @executable_path/Frameworks @loader_path/Frameworks";
				PRODUCT_BUNDLE_IDENTIFIER = expresslogic.ExpressLogicTests;
				PRODUCT_NAME = "$(TARGET_NAME)";
				SWIFT_VERSION = 3.0;
				TEST_HOST = "$(BUILT_PRODUCTS_DIR)/ExpressLogic.app/ExpressLogic";
			};
			name = Debug;
		};
		880950C31E70AC1000F85592 /* Release */ = {
			isa = XCBuildConfiguration;
			buildSettings = {
				ALWAYS_EMBED_SWIFT_STANDARD_LIBRARIES = YES;
				BUNDLE_LOADER = "$(TEST_HOST)";
				DEVELOPMENT_TEAM = BLNBM6S947;
				INFOPLIST_FILE = ExpressLogicTests/Info.plist;
				LD_RUNPATH_SEARCH_PATHS = "$(inherited) @executable_path/Frameworks @loader_path/Frameworks";
				PRODUCT_BUNDLE_IDENTIFIER = expresslogic.ExpressLogicTests;
				PRODUCT_NAME = "$(TARGET_NAME)";
				SWIFT_VERSION = 3.0;
				TEST_HOST = "$(BUILT_PRODUCTS_DIR)/ExpressLogic.app/ExpressLogic";
			};
			name = Release;
		};
		880950C51E70AC1000F85592 /* Debug */ = {
			isa = XCBuildConfiguration;
			buildSettings = {
				ALWAYS_EMBED_SWIFT_STANDARD_LIBRARIES = YES;
				DEVELOPMENT_TEAM = BLNBM6S947;
				INFOPLIST_FILE = ExpressLogicUITests/Info.plist;
				LD_RUNPATH_SEARCH_PATHS = "$(inherited) @executable_path/Frameworks @loader_path/Frameworks";
				PRODUCT_BUNDLE_IDENTIFIER = expresslogic.ExpressLogicUITests;
				PRODUCT_NAME = "$(TARGET_NAME)";
				SWIFT_VERSION = 3.0;
				TEST_TARGET_NAME = ExpressLogic;
			};
			name = Debug;
		};
		880950C61E70AC1000F85592 /* Release */ = {
			isa = XCBuildConfiguration;
			buildSettings = {
				ALWAYS_EMBED_SWIFT_STANDARD_LIBRARIES = YES;
				DEVELOPMENT_TEAM = BLNBM6S947;
				INFOPLIST_FILE = ExpressLogicUITests/Info.plist;
				LD_RUNPATH_SEARCH_PATHS = "$(inherited) @executable_path/Frameworks @loader_path/Frameworks";
				PRODUCT_BUNDLE_IDENTIFIER = expresslogic.ExpressLogicUITests;
				PRODUCT_NAME = "$(TARGET_NAME)";
				SWIFT_VERSION = 3.0;
				TEST_TARGET_NAME = ExpressLogic;
			};
			name = Release;
		};
/* End XCBuildConfiguration section */

/* Begin XCConfigurationList section */
		880950911E70AC0F00F85592 /* Build configuration list for PBXProject "ExpressLogic" */ = {
			isa = XCConfigurationList;
			buildConfigurations = (
				880950BC1E70AC1000F85592 /* Debug */,
				880950BD1E70AC1000F85592 /* Release */,
			);
			defaultConfigurationIsVisible = 0;
			defaultConfigurationName = Release;
		};
		880950BE1E70AC1000F85592 /* Build configuration list for PBXNativeTarget "ExpressLogic" */ = {
			isa = XCConfigurationList;
			buildConfigurations = (
				880950BF1E70AC1000F85592 /* Debug */,
				880950C01E70AC1000F85592 /* Release */,
			);
			defaultConfigurationIsVisible = 0;
			defaultConfigurationName = Release;
		};
		880950C11E70AC1000F85592 /* Build configuration list for PBXNativeTarget "ExpressLogicTests" */ = {
			isa = XCConfigurationList;
			buildConfigurations = (
				880950C21E70AC1000F85592 /* Debug */,
				880950C31E70AC1000F85592 /* Release */,
			);
			defaultConfigurationIsVisible = 0;
			defaultConfigurationName = Release;
		};
		880950C41E70AC1000F85592 /* Build configuration list for PBXNativeTarget "ExpressLogicUITests" */ = {
			isa = XCConfigurationList;
			buildConfigurations = (
				880950C51E70AC1000F85592 /* Debug */,
				880950C61E70AC1000F85592 /* Release */,
			);
			defaultConfigurationIsVisible = 0;
			defaultConfigurationName = Release;
		};
/* End XCConfigurationList section */
	};
	rootObject = 8809508E1E70AC0F00F85592 /* Project object */;
}
